{
    "_readme": [
        "This file locks the dependencies of your project to a known state",
        "Read more about it at https://getcomposer.org/doc/01-basic-usage.md#installing-dependencies",
        "This file is @generated automatically"
    ],
    "content-hash": "6b587ed4c3f11341e46a345e40f49521",
    "packages": [
        {
            "name": "danilocgsilva/class_to_sql_schema_script",
            "version": "1.8.0",
            "source": {
                "type": "git",
                "url": "https://github.com/danilocgsilva/class_to_sql_schema_script.git",
                "reference": "9133b8008a3dbac9002bb631788b57c1ae3184b9"
            },
            "dist": {
                "type": "zip",
                "url": "https://api.github.com/repos/danilocgsilva/class_to_sql_schema_script/zipball/9133b8008a3dbac9002bb631788b57c1ae3184b9",
                "reference": "9133b8008a3dbac9002bb631788b57c1ae3184b9",
                "shasum": ""
            },
            "require-dev": {
                "phpunit/phpunit": "^11.1"
            },
            "type": "library",
            "autoload": {
                "psr-4": {
                    "Danilocgsilva\\ClassToSqlSchemaScript\\": "src/"
                }
            },
            "notification-url": "https://packagist.org/downloads/",
            "license": [
                "MIT"
            ],
            "authors": [
                {
                    "name": "Danilo Silva",
                    "email": "contact@danilocgsilva.me"
                }
            ],
            "support": {
                "issues": "https://github.com/danilocgsilva/class_to_sql_schema_script/issues",
                "source": "https://github.com/danilocgsilva/class_to_sql_schema_script/tree/1.8.0"
            },
            "time": "2024-08-26T20:25:16+00:00"
        }
    ],
    "packages-dev": [],
    "aliases": [],
    "minimum-stability": "stable",
    "stability-flags": [],
    "prefer-stable": false,
    "prefer-lowest": false,
    "platform": [],
    "platform-dev": [],
    "plugin-api-version": "2.6.0"
}
